// !$*UTF8*$!
{
	archiveVersion = 1;
	classes = {
	};
	objectVersion = 56;
	objects = {

/* Begin PBXBuildFile section */
		553EE26A2AA4951500089D97 /* AppDelegate.swift in Sources */ = {isa = PBXBuildFile; fileRef = 553EE2692AA4951500089D97 /* AppDelegate.swift */; };
		553EE26E2AA4951500089D97 /* GeneralViewController.swift in Sources */ = {isa = PBXBuildFile; fileRef = 553EE26D2AA4951500089D97 /* GeneralViewController.swift */; };
		553EE2732AA4951600089D97 /* Assets.xcassets in Resources */ = {isa = PBXBuildFile; fileRef = 553EE2722AA4951600089D97 /* Assets.xcassets */; };
		553EE2762AA4951600089D97 /* LaunchScreen.storyboard in Resources */ = {isa = PBXBuildFile; fileRef = 553EE2742AA4951600089D97 /* LaunchScreen.storyboard */; };
		553EE2812AA4951600089D97 /* NewsAppNewTests.swift in Sources */ = {isa = PBXBuildFile; fileRef = 553EE2802AA4951600089D97 /* NewsAppNewTests.swift */; };
		553EE28B2AA4951600089D97 /* NewsAppNewUITests.swift in Sources */ = {isa = PBXBuildFile; fileRef = 553EE28A2AA4951600089D97 /* NewsAppNewUITests.swift */; };
		553EE28D2AA4951600089D97 /* NewsAppNewUITestsLaunchTests.swift in Sources */ = {isa = PBXBuildFile; fileRef = 553EE28C2AA4951600089D97 /* NewsAppNewUITestsLaunchTests.swift */; };
		553EE29A2AA49E7300089D97 /* TabBarController.swift in Sources */ = {isa = PBXBuildFile; fileRef = 553EE2992AA49E7300089D97 /* TabBarController.swift */; };
		553EE29C2AA4A26800089D97 /* BusinessViewController.swift in Sources */ = {isa = PBXBuildFile; fileRef = 553EE29B2AA4A26800089D97 /* BusinessViewController.swift */; };
		553EE29E2AA4A2D200089D97 /* TechnologyViewController.swift in Sources */ = {isa = PBXBuildFile; fileRef = 553EE29D2AA4A2D200089D97 /* TechnologyViewController.swift */; };
		553EE2A12AA4A97900089D97 /* ViewExtention.swift in Sources */ = {isa = PBXBuildFile; fileRef = 553EE2A02AA4A97900089D97 /* ViewExtention.swift */; };
		553EE2A42AA4AD3F00089D97 /* SnapKit in Frameworks */ = {isa = PBXBuildFile; productRef = 553EE2A32AA4AD3F00089D97 /* SnapKit */; };
		553EE2AA2AA4AF8300089D97 /* GeneralCollectionViewCell.swift in Sources */ = {isa = PBXBuildFile; fileRef = 553EE2A92AA4AF8300089D97 /* GeneralCollectionViewCell.swift */; };
		553EE2AD2AA4BA7700089D97 /* NewsViewController.swift in Sources */ = {isa = PBXBuildFile; fileRef = 553EE2AC2AA4BA7700089D97 /* NewsViewController.swift */; };
		553EE2B02AA62E4E00089D97 /* DetaileCollectionViewCell.swift in Sources */ = {isa = PBXBuildFile; fileRef = 553EE2AF2AA62E4E00089D97 /* DetaileCollectionViewCell.swift */; };
		553EE2B42AA63FF500089D97 /* GeneralViewModel.swift in Sources */ = {isa = PBXBuildFile; fileRef = 553EE2B32AA63FF500089D97 /* GeneralViewModel.swift */; };
		553EE2B72AA77E7C00089D97 /* NewsResponseObject.swift in Sources */ = {isa = PBXBuildFile; fileRef = 553EE2B62AA77E7C00089D97 /* NewsResponseObject.swift */; };
		553EE2B92AA77ED700089D97 /* ArticleResponseObject.swift in Sources */ = {isa = PBXBuildFile; fileRef = 553EE2B82AA77ED700089D97 /* ArticleResponseObject.swift */; };
		553EE2BC2AA7827D00089D97 /* ArticleCellViewModel.swift in Sources */ = {isa = PBXBuildFile; fileRef = 553EE2BB2AA7827D00089D97 /* ArticleCellViewModel.swift */; };
		553EE2BE2AA7B1AF00089D97 /* ApiManager.swift in Sources */ = {isa = PBXBuildFile; fileRef = 553EE2BD2AA7B1AF00089D97 /* ApiManager.swift */; };
		553EE2C12AA7B94F00089D97 /* NetworkingError.swift in Sources */ = {isa = PBXBuildFile; fileRef = 553EE2C02AA7B94F00089D97 /* NetworkingError.swift */; };
		553EE2C32AAA21A300089D97 /* NewsViewModel.swift in Sources */ = {isa = PBXBuildFile; fileRef = 553EE2C22AAA21A300089D97 /* NewsViewModel.swift */; };
		553EE2C72AAA290200089D97 /* BusinessViewModel.swift in Sources */ = {isa = PBXBuildFile; fileRef = 553EE2C62AAA290200089D97 /* BusinessViewModel.swift */; };
		553EE2CD2AADC96300089D97 /* TecnologyViewModel.swift in Sources */ = {isa = PBXBuildFile; fileRef = 553EE2CC2AADC96300089D97 /* TecnologyViewModel.swift */; };
/* End PBXBuildFile section */

/* Begin PBXContainerItemProxy section */
		553EE27D2AA4951600089D97 /* PBXContainerItemProxy */ = {
			isa = PBXContainerItemProxy;
			containerPortal = 553EE25E2AA4951500089D97 /* Project object */;
			proxyType = 1;
			remoteGlobalIDString = 553EE2652AA4951500089D97;
			remoteInfo = NewsAppNew;
		};
		553EE2872AA4951600089D97 /* PBXContainerItemProxy */ = {
			isa = PBXContainerItemProxy;
			containerPortal = 553EE25E2AA4951500089D97 /* Project object */;
			proxyType = 1;
			remoteGlobalIDString = 553EE2652AA4951500089D97;
			remoteInfo = NewsAppNew;
		};
/* End PBXContainerItemProxy section */

/* Begin PBXFileReference section */
		553EE2662AA4951500089D97 /* NewsAppNew.app */ = {isa = PBXFileReference; explicitFileType = wrapper.application; includeInIndex = 0; path = NewsAppNew.app; sourceTree = BUILT_PRODUCTS_DIR; };
		553EE2692AA4951500089D97 /* AppDelegate.swift */ = {isa = PBXFileReference; lastKnownFileType = sourcecode.swift; path = AppDelegate.swift; sourceTree = "<group>"; };
		553EE26D2AA4951500089D97 /* GeneralViewController.swift */ = {isa = PBXFileReference; lastKnownFileType = sourcecode.swift; path = GeneralViewController.swift; sourceTree = "<group>"; };
		553EE2722AA4951600089D97 /* Assets.xcassets */ = {isa = PBXFileReference; lastKnownFileType = folder.assetcatalog; path = Assets.xcassets; sourceTree = "<group>"; };
		553EE2752AA4951600089D97 /* Base */ = {isa = PBXFileReference; lastKnownFileType = file.storyboard; name = Base; path = Base.lproj/LaunchScreen.storyboard; sourceTree = "<group>"; };
		553EE2772AA4951600089D97 /* Info.plist */ = {isa = PBXFileReference; lastKnownFileType = text.plist.xml; path = Info.plist; sourceTree = "<group>"; };
		553EE27C2AA4951600089D97 /* NewsAppNewTests.xctest */ = {isa = PBXFileReference; explicitFileType = wrapper.cfbundle; includeInIndex = 0; path = NewsAppNewTests.xctest; sourceTree = BUILT_PRODUCTS_DIR; };
		553EE2802AA4951600089D97 /* NewsAppNewTests.swift */ = {isa = PBXFileReference; lastKnownFileType = sourcecode.swift; path = NewsAppNewTests.swift; sourceTree = "<group>"; };
		553EE2862AA4951600089D97 /* NewsAppNewUITests.xctest */ = {isa = PBXFileReference; explicitFileType = wrapper.cfbundle; includeInIndex = 0; path = NewsAppNewUITests.xctest; sourceTree = BUILT_PRODUCTS_DIR; };
		553EE28A2AA4951600089D97 /* NewsAppNewUITests.swift */ = {isa = PBXFileReference; lastKnownFileType = sourcecode.swift; path = NewsAppNewUITests.swift; sourceTree = "<group>"; };
		553EE28C2AA4951600089D97 /* NewsAppNewUITestsLaunchTests.swift */ = {isa = PBXFileReference; lastKnownFileType = sourcecode.swift; path = NewsAppNewUITestsLaunchTests.swift; sourceTree = "<group>"; };
		553EE2992AA49E7300089D97 /* TabBarController.swift */ = {isa = PBXFileReference; lastKnownFileType = sourcecode.swift; path = TabBarController.swift; sourceTree = "<group>"; };
		553EE29B2AA4A26800089D97 /* BusinessViewController.swift */ = {isa = PBXFileReference; lastKnownFileType = sourcecode.swift; path = BusinessViewController.swift; sourceTree = "<group>"; };
		553EE29D2AA4A2D200089D97 /* TechnologyViewController.swift */ = {isa = PBXFileReference; lastKnownFileType = sourcecode.swift; path = TechnologyViewController.swift; sourceTree = "<group>"; };
		553EE2A02AA4A97900089D97 /* ViewExtention.swift */ = {isa = PBXFileReference; lastKnownFileType = sourcecode.swift; path = ViewExtention.swift; sourceTree = "<group>"; };
		553EE2A92AA4AF8300089D97 /* GeneralCollectionViewCell.swift */ = {isa = PBXFileReference; lastKnownFileType = sourcecode.swift; path = GeneralCollectionViewCell.swift; sourceTree = "<group>"; };
		553EE2AC2AA4BA7700089D97 /* NewsViewController.swift */ = {isa = PBXFileReference; lastKnownFileType = sourcecode.swift; path = NewsViewController.swift; sourceTree = "<group>"; };
		553EE2AF2AA62E4E00089D97 /* DetaileCollectionViewCell.swift */ = {isa = PBXFileReference; lastKnownFileType = sourcecode.swift; path = DetaileCollectionViewCell.swift; sourceTree = "<group>"; };
		553EE2B32AA63FF500089D97 /* GeneralViewModel.swift */ = {isa = PBXFileReference; lastKnownFileType = sourcecode.swift; path = GeneralViewModel.swift; sourceTree = "<group>"; };
		553EE2B62AA77E7C00089D97 /* NewsResponseObject.swift */ = {isa = PBXFileReference; lastKnownFileType = sourcecode.swift; path = NewsResponseObject.swift; sourceTree = "<group>"; };
		553EE2B82AA77ED700089D97 /* ArticleResponseObject.swift */ = {isa = PBXFileReference; lastKnownFileType = sourcecode.swift; path = ArticleResponseObject.swift; sourceTree = "<group>"; };
		553EE2BB2AA7827D00089D97 /* ArticleCellViewModel.swift */ = {isa = PBXFileReference; lastKnownFileType = sourcecode.swift; path = ArticleCellViewModel.swift; sourceTree = "<group>"; };
		553EE2BD2AA7B1AF00089D97 /* ApiManager.swift */ = {isa = PBXFileReference; lastKnownFileType = sourcecode.swift; path = ApiManager.swift; sourceTree = "<group>"; };
		553EE2C02AA7B94F00089D97 /* NetworkingError.swift */ = {isa = PBXFileReference; lastKnownFileType = sourcecode.swift; path = NetworkingError.swift; sourceTree = "<group>"; };
		553EE2C22AAA21A300089D97 /* NewsViewModel.swift */ = {isa = PBXFileReference; lastKnownFileType = sourcecode.swift; path = NewsViewModel.swift; sourceTree = "<group>"; };
		553EE2C62AAA290200089D97 /* BusinessViewModel.swift */ = {isa = PBXFileReference; lastKnownFileType = sourcecode.swift; path = BusinessViewModel.swift; sourceTree = "<group>"; };
		553EE2CC2AADC96300089D97 /* TecnologyViewModel.swift */ = {isa = PBXFileReference; lastKnownFileType = sourcecode.swift; path = TecnologyViewModel.swift; sourceTree = "<group>"; };
/* End PBXFileReference section */

/* Begin PBXFrameworksBuildPhase section */
		553EE2632AA4951500089D97 /* Frameworks */ = {
			isa = PBXFrameworksBuildPhase;
			buildActionMask = 2147483647;
			files = (
				553EE2A42AA4AD3F00089D97 /* SnapKit in Frameworks */,
			);
			runOnlyForDeploymentPostprocessing = 0;
		};
		553EE2792AA4951600089D97 /* Frameworks */ = {
			isa = PBXFrameworksBuildPhase;
			buildActionMask = 2147483647;
			files = (
			);
			runOnlyForDeploymentPostprocessing = 0;
		};
		553EE2832AA4951600089D97 /* Frameworks */ = {
			isa = PBXFrameworksBuildPhase;
			buildActionMask = 2147483647;
			files = (
			);
			runOnlyForDeploymentPostprocessing = 0;
		};
/* End PBXFrameworksBuildPhase section */

/* Begin PBXGroup section */
		553EE25D2AA4951500089D97 = {
			isa = PBXGroup;
			children = (
				553EE2682AA4951500089D97 /* NewsAppNew */,
				553EE27F2AA4951600089D97 /* NewsAppNewTests */,
				553EE2892AA4951600089D97 /* NewsAppNewUITests */,
				553EE2672AA4951500089D97 /* Products */,
			);
			sourceTree = "<group>";
		};
		553EE2672AA4951500089D97 /* Products */ = {
			isa = PBXGroup;
			children = (
				553EE2662AA4951500089D97 /* NewsAppNew.app */,
				553EE27C2AA4951600089D97 /* NewsAppNewTests.xctest */,
				553EE2862AA4951600089D97 /* NewsAppNewUITests.xctest */,
			);
			name = Products;
			sourceTree = "<group>";
		};
		553EE2682AA4951500089D97 /* NewsAppNew */ = {
			isa = PBXGroup;
			children = (
				553EE2692AA4951500089D97 /* AppDelegate.swift */,
				553EE2992AA49E7300089D97 /* TabBarController.swift */,
				553EE2BF2AA7B25C00089D97 /* Networking */,
				553EE2AE2AA4BA7D00089D97 /* News */,
				553EE2A52AA4AF4400089D97 /* General */,
				553EE2A62AA4AF4B00089D97 /* Business */,
				553EE2A72AA4AF5200089D97 /* Technology */,
				553EE29F2AA4A91E00089D97 /* Exstentions */,
				553EE2722AA4951600089D97 /* Assets.xcassets */,
				553EE2742AA4951600089D97 /* LaunchScreen.storyboard */,
				553EE2772AA4951600089D97 /* Info.plist */,
			);
			path = NewsAppNew;
			sourceTree = "<group>";
		};
		553EE27F2AA4951600089D97 /* NewsAppNewTests */ = {
			isa = PBXGroup;
			children = (
				553EE2802AA4951600089D97 /* NewsAppNewTests.swift */,
			);
			path = NewsAppNewTests;
			sourceTree = "<group>";
		};
		553EE2892AA4951600089D97 /* NewsAppNewUITests */ = {
			isa = PBXGroup;
			children = (
				553EE28A2AA4951600089D97 /* NewsAppNewUITests.swift */,
				553EE28C2AA4951600089D97 /* NewsAppNewUITestsLaunchTests.swift */,
			);
			path = NewsAppNewUITests;
			sourceTree = "<group>";
		};
		553EE29F2AA4A91E00089D97 /* Exstentions */ = {
			isa = PBXGroup;
			children = (
				553EE2A02AA4A97900089D97 /* ViewExtention.swift */,
			);
			path = Exstentions;
			sourceTree = "<group>";
		};
		553EE2A52AA4AF4400089D97 /* General */ = {
			isa = PBXGroup;
			children = (
				553EE2AB2AA4B20400089D97 /* View */,
				553EE2B52AA63FF900089D97 /* ViewModel */,
				553EE2BA2AA77FB200089D97 /* Model */,
			);
			path = General;
			sourceTree = "<group>";
		};
		553EE2A62AA4AF4B00089D97 /* Business */ = {
			isa = PBXGroup;
			children = (
				553EE2A82AA4AF5F00089D97 /* View */,
				553EE2C82AAA290600089D97 /* ViewModel */,
			);
			path = Business;
			sourceTree = "<group>";
		};
		553EE2A72AA4AF5200089D97 /* Technology */ = {
			isa = PBXGroup;
			children = (
				553EE2CB2AADC94E00089D97 /* View */,
				553EE2CE2AADC96600089D97 /* ViewModel */,
			);
			path = Technology;
			sourceTree = "<group>";
		};
		553EE2A82AA4AF5F00089D97 /* View */ = {
			isa = PBXGroup;
			children = (
				553EE29B2AA4A26800089D97 /* BusinessViewController.swift */,
				553EE2AF2AA62E4E00089D97 /* DetaileCollectionViewCell.swift */,
			);
			path = View;
			sourceTree = "<group>";
		};
		553EE2AB2AA4B20400089D97 /* View */ = {
			isa = PBXGroup;
			children = (
				553EE26D2AA4951500089D97 /* GeneralViewController.swift */,
				553EE2A92AA4AF8300089D97 /* GeneralCollectionViewCell.swift */,
			);
			path = View;
			sourceTree = "<group>";
		};
		553EE2AE2AA4BA7D00089D97 /* News */ = {
			isa = PBXGroup;
			children = (
				553EE2C42AAA21A800089D97 /* View */,
				553EE2C52AAA21B000089D97 /* ViewModel */,
			);
			path = News;
			sourceTree = "<group>";
		};
		553EE2B52AA63FF900089D97 /* ViewModel */ = {
			isa = PBXGroup;
			children = (
				553EE2B32AA63FF500089D97 /* GeneralViewModel.swift */,
				553EE2BB2AA7827D00089D97 /* ArticleCellViewModel.swift */,
			);
			path = ViewModel;
			sourceTree = "<group>";
		};
		553EE2BA2AA77FB200089D97 /* Model */ = {
			isa = PBXGroup;
			children = (
				553EE2B62AA77E7C00089D97 /* NewsResponseObject.swift */,
				553EE2B82AA77ED700089D97 /* ArticleResponseObject.swift */,
			);
			path = Model;
			sourceTree = "<group>";
		};
		553EE2BF2AA7B25C00089D97 /* Networking */ = {
			isa = PBXGroup;
			children = (
				553EE2BD2AA7B1AF00089D97 /* ApiManager.swift */,
				553EE2C02AA7B94F00089D97 /* NetworkingError.swift */,
			);
			path = Networking;
			sourceTree = "<group>";
		};
		553EE2C42AAA21A800089D97 /* View */ = {
			isa = PBXGroup;
			children = (
				553EE2AC2AA4BA7700089D97 /* NewsViewController.swift */,
			);
			path = View;
			sourceTree = "<group>";
		};
		553EE2C52AAA21B000089D97 /* ViewModel */ = {
			isa = PBXGroup;
			children = (
				553EE2C22AAA21A300089D97 /* NewsViewModel.swift */,
			);
			path = ViewModel;
			sourceTree = "<group>";
		};
		553EE2C82AAA290600089D97 /* ViewModel */ = {
			isa = PBXGroup;
			children = (
				553EE2C62AAA290200089D97 /* BusinessViewModel.swift */,
			);
			path = ViewModel;
			sourceTree = "<group>";
		};
		553EE2CB2AADC94E00089D97 /* View */ = {
			isa = PBXGroup;
			children = (
				553EE29D2AA4A2D200089D97 /* TechnologyViewController.swift */,
			);
			path = View;
			sourceTree = "<group>";
		};
		553EE2CE2AADC96600089D97 /* ViewModel */ = {
			isa = PBXGroup;
			children = (
				553EE2CC2AADC96300089D97 /* TecnologyViewModel.swift */,
			);
			path = ViewModel;
			sourceTree = "<group>";
		};
/* End PBXGroup section */

/* Begin PBXNativeTarget section */
		553EE2652AA4951500089D97 /* NewsAppNew */ = {
			isa = PBXNativeTarget;
			buildConfigurationList = 553EE2902AA4951600089D97 /* Build configuration list for PBXNativeTarget "NewsAppNew" */;
			buildPhases = (
				553EE2622AA4951500089D97 /* Sources */,
				553EE2632AA4951500089D97 /* Frameworks */,
				553EE2642AA4951500089D97 /* Resources */,
			);
			buildRules = (
			);
			dependencies = (
			);
			name = NewsAppNew;
			packageProductDependencies = (
				553EE2A32AA4AD3F00089D97 /* SnapKit */,
			);
			productName = NewsAppNew;
			productReference = 553EE2662AA4951500089D97 /* NewsAppNew.app */;
			productType = "com.apple.product-type.application";
		};
		553EE27B2AA4951600089D97 /* NewsAppNewTests */ = {
			isa = PBXNativeTarget;
			buildConfigurationList = 553EE2932AA4951600089D97 /* Build configuration list for PBXNativeTarget "NewsAppNewTests" */;
			buildPhases = (
				553EE2782AA4951600089D97 /* Sources */,
				553EE2792AA4951600089D97 /* Frameworks */,
				553EE27A2AA4951600089D97 /* Resources */,
			);
			buildRules = (
			);
			dependencies = (
				553EE27E2AA4951600089D97 /* PBXTargetDependency */,
			);
			name = NewsAppNewTests;
			productName = NewsAppNewTests;
			productReference = 553EE27C2AA4951600089D97 /* NewsAppNewTests.xctest */;
			productType = "com.apple.product-type.bundle.unit-test";
		};
		553EE2852AA4951600089D97 /* NewsAppNewUITests */ = {
			isa = PBXNativeTarget;
			buildConfigurationList = 553EE2962AA4951600089D97 /* Build configuration list for PBXNativeTarget "NewsAppNewUITests" */;
			buildPhases = (
				553EE2822AA4951600089D97 /* Sources */,
				553EE2832AA4951600089D97 /* Frameworks */,
				553EE2842AA4951600089D97 /* Resources */,
			);
			buildRules = (
			);
			dependencies = (
				553EE2882AA4951600089D97 /* PBXTargetDependency */,
			);
			name = NewsAppNewUITests;
			productName = NewsAppNewUITests;
			productReference = 553EE2862AA4951600089D97 /* NewsAppNewUITests.xctest */;
			productType = "com.apple.product-type.bundle.ui-testing";
		};
/* End PBXNativeTarget section */

/* Begin PBXProject section */
		553EE25E2AA4951500089D97 /* Project object */ = {
			isa = PBXProject;
			attributes = {
				BuildIndependentTargetsInParallel = 1;
				LastSwiftUpdateCheck = 1430;
				LastUpgradeCheck = 1430;
				TargetAttributes = {
					553EE2652AA4951500089D97 = {
						CreatedOnToolsVersion = 14.3.1;
					};
					553EE27B2AA4951600089D97 = {
						CreatedOnToolsVersion = 14.3.1;
						TestTargetID = 553EE2652AA4951500089D97;
					};
					553EE2852AA4951600089D97 = {
						CreatedOnToolsVersion = 14.3.1;
						TestTargetID = 553EE2652AA4951500089D97;
					};
				};
			};
			buildConfigurationList = 553EE2612AA4951500089D97 /* Build configuration list for PBXProject "NewsAppNew" */;
			compatibilityVersion = "Xcode 14.0";
			developmentRegion = en;
			hasScannedForEncodings = 0;
			knownRegions = (
				en,
				Base,
			);
			mainGroup = 553EE25D2AA4951500089D97;
			packageReferences = (
				553EE2A22AA4AD3F00089D97 /* XCRemoteSwiftPackageReference "SnapKit" */,
			);
			productRefGroup = 553EE2672AA4951500089D97 /* Products */;
			projectDirPath = "";
			projectRoot = "";
			targets = (
				553EE2652AA4951500089D97 /* NewsAppNew */,
				553EE27B2AA4951600089D97 /* NewsAppNewTests */,
				553EE2852AA4951600089D97 /* NewsAppNewUITests */,
			);
		};
/* End PBXProject section */

/* Begin PBXResourcesBuildPhase section */
		553EE2642AA4951500089D97 /* Resources */ = {
			isa = PBXResourcesBuildPhase;
			buildActionMask = 2147483647;
			files = (
				553EE2762AA4951600089D97 /* LaunchScreen.storyboard in Resources */,
				553EE2732AA4951600089D97 /* Assets.xcassets in Resources */,
			);
			runOnlyForDeploymentPostprocessing = 0;
		};
		553EE27A2AA4951600089D97 /* Resources */ = {
			isa = PBXResourcesBuildPhase;
			buildActionMask = 2147483647;
			files = (
			);
			runOnlyForDeploymentPostprocessing = 0;
		};
		553EE2842AA4951600089D97 /* Resources */ = {
			isa = PBXResourcesBuildPhase;
			buildActionMask = 2147483647;
			files = (
			);
			runOnlyForDeploymentPostprocessing = 0;
		};
/* End PBXResourcesBuildPhase section */

/* Begin PBXSourcesBuildPhase section */
		553EE2622AA4951500089D97 /* Sources */ = {
			isa = PBXSourcesBuildPhase;
			buildActionMask = 2147483647;
			files = (
				553EE29E2AA4A2D200089D97 /* TechnologyViewController.swift in Sources */,
				553EE29A2AA49E7300089D97 /* TabBarController.swift in Sources */,
				553EE2B02AA62E4E00089D97 /* DetaileCollectionViewCell.swift in Sources */,
				553EE2C72AAA290200089D97 /* BusinessViewModel.swift in Sources */,
				553EE26E2AA4951500089D97 /* GeneralViewController.swift in Sources */,
				553EE2C12AA7B94F00089D97 /* NetworkingError.swift in Sources */,
				553EE2A12AA4A97900089D97 /* ViewExtention.swift in Sources */,
				553EE29C2AA4A26800089D97 /* BusinessViewController.swift in Sources */,
				553EE2C32AAA21A300089D97 /* NewsViewModel.swift in Sources */,
				553EE2BC2AA7827D00089D97 /* ArticleCellViewModel.swift in Sources */,
				553EE2AD2AA4BA7700089D97 /* NewsViewController.swift in Sources */,
				553EE2B42AA63FF500089D97 /* GeneralViewModel.swift in Sources */,
				553EE2B92AA77ED700089D97 /* ArticleResponseObject.swift in Sources */,
				553EE2CD2AADC96300089D97 /* TecnologyViewModel.swift in Sources */,
				553EE2BE2AA7B1AF00089D97 /* ApiManager.swift in Sources */,
				553EE26A2AA4951500089D97 /* AppDelegate.swift in Sources */,
				553EE2B72AA77E7C00089D97 /* NewsResponseObject.swift in Sources */,
				553EE2AA2AA4AF8300089D97 /* GeneralCollectionViewCell.swift in Sources */,
			);
			runOnlyForDeploymentPostprocessing = 0;
		};
		553EE2782AA4951600089D97 /* Sources */ = {
			isa = PBXSourcesBuildPhase;
			buildActionMask = 2147483647;
			files = (
				553EE2812AA4951600089D97 /* NewsAppNewTests.swift in Sources */,
			);
			runOnlyForDeploymentPostprocessing = 0;
		};
		553EE2822AA4951600089D97 /* Sources */ = {
			isa = PBXSourcesBuildPhase;
			buildActionMask = 2147483647;
			files = (
				553EE28D2AA4951600089D97 /* NewsAppNewUITestsLaunchTests.swift in Sources */,
				553EE28B2AA4951600089D97 /* NewsAppNewUITests.swift in Sources */,
			);
			runOnlyForDeploymentPostprocessing = 0;
		};
/* End PBXSourcesBuildPhase section */

/* Begin PBXTargetDependency section */
		553EE27E2AA4951600089D97 /* PBXTargetDependency */ = {
			isa = PBXTargetDependency;
			target = 553EE2652AA4951500089D97 /* NewsAppNew */;
			targetProxy = 553EE27D2AA4951600089D97 /* PBXContainerItemProxy */;
		};
		553EE2882AA4951600089D97 /* PBXTargetDependency */ = {
			isa = PBXTargetDependency;
			target = 553EE2652AA4951500089D97 /* NewsAppNew */;
			targetProxy = 553EE2872AA4951600089D97 /* PBXContainerItemProxy */;
		};
/* End PBXTargetDependency section */

/* Begin PBXVariantGroup section */
		553EE2742AA4951600089D97 /* LaunchScreen.storyboard */ = {
			isa = PBXVariantGroup;
			children = (
				553EE2752AA4951600089D97 /* Base */,
			);
			name = LaunchScreen.storyboard;
			sourceTree = "<group>";
		};
/* End PBXVariantGroup section */

/* Begin XCBuildConfiguration section */
		553EE28E2AA4951600089D97 /* Debug */ = {
			isa = XCBuildConfiguration;
			buildSettings = {
				ALWAYS_SEARCH_USER_PATHS = NO;
				CLANG_ANALYZER_NONNULL = YES;
				CLANG_ANALYZER_NUMBER_OBJECT_CONVERSION = YES_AGGRESSIVE;
				CLANG_CXX_LANGUAGE_STANDARD = "gnu++20";
				CLANG_ENABLE_MODULES = YES;
				CLANG_ENABLE_OBJC_ARC = YES;
				CLANG_ENABLE_OBJC_WEAK = YES;
				CLANG_WARN_BLOCK_CAPTURE_AUTORELEASING = YES;
				CLANG_WARN_BOOL_CONVERSION = YES;
				CLANG_WARN_COMMA = YES;
				CLANG_WARN_CONSTANT_CONVERSION = YES;
				CLANG_WARN_DEPRECATED_OBJC_IMPLEMENTATIONS = YES;
				CLANG_WARN_DIRECT_OBJC_ISA_USAGE = YES_ERROR;
				CLANG_WARN_DOCUMENTATION_COMMENTS = YES;
				CLANG_WARN_EMPTY_BODY = YES;
				CLANG_WARN_ENUM_CONVERSION = YES;
				CLANG_WARN_INFINITE_RECURSION = YES;
				CLANG_WARN_INT_CONVERSION = YES;
				CLANG_WARN_NON_LITERAL_NULL_CONVERSION = YES;
				CLANG_WARN_OBJC_IMPLICIT_RETAIN_SELF = YES;
				CLANG_WARN_OBJC_LITERAL_CONVERSION = YES;
				CLANG_WARN_OBJC_ROOT_CLASS = YES_ERROR;
				CLANG_WARN_QUOTED_INCLUDE_IN_FRAMEWORK_HEADER = YES;
				CLANG_WARN_RANGE_LOOP_ANALYSIS = YES;
				CLANG_WARN_STRICT_PROTOTYPES = YES;
				CLANG_WARN_SUSPICIOUS_MOVE = YES;
				CLANG_WARN_UNGUARDED_AVAILABILITY = YES_AGGRESSIVE;
				CLANG_WARN_UNREACHABLE_CODE = YES;
				CLANG_WARN__DUPLICATE_METHOD_MATCH = YES;
				COPY_PHASE_STRIP = NO;
				DEBUG_INFORMATION_FORMAT = dwarf;
				ENABLE_STRICT_OBJC_MSGSEND = YES;
				ENABLE_TESTABILITY = YES;
				GCC_C_LANGUAGE_STANDARD = gnu11;
				GCC_DYNAMIC_NO_PIC = NO;
				GCC_NO_COMMON_BLOCKS = YES;
				GCC_OPTIMIZATION_LEVEL = 0;
				GCC_PREPROCESSOR_DEFINITIONS = (
					"DEBUG=1",
					"$(inherited)",
				);
				GCC_WARN_64_TO_32_BIT_CONVERSION = YES;
				GCC_WARN_ABOUT_RETURN_TYPE = YES_ERROR;
				GCC_WARN_UNDECLARED_SELECTOR = YES;
				GCC_WARN_UNINITIALIZED_AUTOS = YES_AGGRESSIVE;
				GCC_WARN_UNUSED_FUNCTION = YES;
				GCC_WARN_UNUSED_VARIABLE = YES;
				IPHONEOS_DEPLOYMENT_TARGET = 16.4;
				MTL_ENABLE_DEBUG_INFO = INCLUDE_SOURCE;
				MTL_FAST_MATH = YES;
				ONLY_ACTIVE_ARCH = YES;
				SDKROOT = iphoneos;
				SWIFT_ACTIVE_COMPILATION_CONDITIONS = DEBUG;
				SWIFT_OPTIMIZATION_LEVEL = "-Onone";
			};
			name = Debug;
		};
		553EE28F2AA4951600089D97 /* Release */ = {
			isa = XCBuildConfiguration;
			buildSettings = {
				ALWAYS_SEARCH_USER_PATHS = NO;
				CLANG_ANALYZER_NONNULL = YES;
				CLANG_ANALYZER_NUMBER_OBJECT_CONVERSION = YES_AGGRESSIVE;
				CLANG_CXX_LANGUAGE_STANDARD = "gnu++20";
				CLANG_ENABLE_MODULES = YES;
				CLANG_ENABLE_OBJC_ARC = YES;
				CLANG_ENABLE_OBJC_WEAK = YES;
				CLANG_WARN_BLOCK_CAPTURE_AUTORELEASING = YES;
				CLANG_WARN_BOOL_CONVERSION = YES;
				CLANG_WARN_COMMA = YES;
				CLANG_WARN_CONSTANT_CONVERSION = YES;
				CLANG_WARN_DEPRECATED_OBJC_IMPLEMENTATIONS = YES;
				CLANG_WARN_DIRECT_OBJC_ISA_USAGE = YES_ERROR;
				CLANG_WARN_DOCUMENTATION_COMMENTS = YES;
				CLANG_WARN_EMPTY_BODY = YES;
				CLANG_WARN_ENUM_CONVERSION = YES;
				CLANG_WARN_INFINITE_RECURSION = YES;
				CLANG_WARN_INT_CONVERSION = YES;
				CLANG_WARN_NON_LITERAL_NULL_CONVERSION = YES;
				CLANG_WARN_OBJC_IMPLICIT_RETAIN_SELF = YES;
				CLANG_WARN_OBJC_LITERAL_CONVERSION = YES;
				CLANG_WARN_OBJC_ROOT_CLASS = YES_ERROR;
				CLANG_WARN_QUOTED_INCLUDE_IN_FRAMEWORK_HEADER = YES;
				CLANG_WARN_RANGE_LOOP_ANALYSIS = YES;
				CLANG_WARN_STRICT_PROTOTYPES = YES;
				CLANG_WARN_SUSPICIOUS_MOVE = YES;
				CLANG_WARN_UNGUARDED_AVAILABILITY = YES_AGGRESSIVE;
				CLANG_WARN_UNREACHABLE_CODE = YES;
				CLANG_WARN__DUPLICATE_METHOD_MATCH = YES;
				COPY_PHASE_STRIP = NO;
				DEBUG_INFORMATION_FORMAT = "dwarf-with-dsym";
				ENABLE_NS_ASSERTIONS = NO;
				ENABLE_STRICT_OBJC_MSGSEND = YES;
				GCC_C_LANGUAGE_STANDARD = gnu11;
				GCC_NO_COMMON_BLOCKS = YES;
				GCC_WARN_64_TO_32_BIT_CONVERSION = YES;
				GCC_WARN_ABOUT_RETURN_TYPE = YES_ERROR;
				GCC_WARN_UNDECLARED_SELECTOR = YES;
				GCC_WARN_UNINITIALIZED_AUTOS = YES_AGGRESSIVE;
				GCC_WARN_UNUSED_FUNCTION = YES;
				GCC_WARN_UNUSED_VARIABLE = YES;
				IPHONEOS_DEPLOYMENT_TARGET = 16.4;
				MTL_ENABLE_DEBUG_INFO = NO;
				MTL_FAST_MATH = YES;
				SDKROOT = iphoneos;
				SWIFT_COMPILATION_MODE = wholemodule;
				SWIFT_OPTIMIZATION_LEVEL = "-O";
				VALIDATE_PRODUCT = YES;
			};
			name = Release;
		};
		553EE2912AA4951600089D97 /* Debug */ = {
			isa = XCBuildConfiguration;
			buildSettings = {
				ASSETCATALOG_COMPILER_APPICON_NAME = AppIcon;
				ASSETCATALOG_COMPILER_GLOBAL_ACCENT_COLOR_NAME = AccentColor;
				CODE_SIGN_STYLE = Automatic;
				CURRENT_PROJECT_VERSION = 1;
				DEVELOPMENT_TEAM = YBPRV4DAUS;
				GENERATE_INFOPLIST_FILE = YES;
				INFOPLIST_FILE = NewsAppNew/Info.plist;
				INFOPLIST_KEY_UIApplicationSupportsIndirectInputEvents = YES;
				INFOPLIST_KEY_UILaunchStoryboardName = LaunchScreen;
				INFOPLIST_KEY_UISupportedInterfaceOrientations_iPad = "UIInterfaceOrientationPortrait UIInterfaceOrientationPortraitUpsideDown UIInterfaceOrientationLandscapeLeft UIInterfaceOrientationLandscapeRight";
				INFOPLIST_KEY_UISupportedInterfaceOrientations_iPhone = "UIInterfaceOrientationPortrait UIInterfaceOrientationLandscapeLeft UIInterfaceOrientationLandscapeRight";
				LD_RUNPATH_SEARCH_PATHS = (
					"$(inherited)",
					"@executable_path/Frameworks",
				);
				MARKETING_VERSION = 1.0;
				PRODUCT_BUNDLE_IDENTIFIER = ershov.NewsAppNew;
				PRODUCT_NAME = "$(TARGET_NAME)";
				SWIFT_EMIT_LOC_STRINGS = YES;
				SWIFT_VERSION = 5.0;
				TARGETED_DEVICE_FAMILY = "1,2";
			};
			name = Debug;
		};
		553EE2922AA4951600089D97 /* Release */ = {
			isa = XCBuildConfiguration;
			buildSettings = {
				ASSETCATALOG_COMPILER_APPICON_NAME = AppIcon;
				ASSETCATALOG_COMPILER_GLOBAL_ACCENT_COLOR_NAME = AccentColor;
				CODE_SIGN_STYLE = Automatic;
				CURRENT_PROJECT_VERSION = 1;
				DEVELOPMENT_TEAM = YBPRV4DAUS;
				GENERATE_INFOPLIST_FILE = YES;
				INFOPLIST_FILE = NewsAppNew/Info.plist;
				INFOPLIST_KEY_UIApplicationSupportsIndirectInputEvents = YES;
				INFOPLIST_KEY_UILaunchStoryboardName = LaunchScreen;
				INFOPLIST_KEY_UISupportedInterfaceOrientations_iPad = "UIInterfaceOrientationPortrait UIInterfaceOrientationPortraitUpsideDown UIInterfaceOrientationLandscapeLeft UIInterfaceOrientationLandscapeRight";
				INFOPLIST_KEY_UISupportedInterfaceOrientations_iPhone = "UIInterfaceOrientationPortrait UIInterfaceOrientationLandscapeLeft UIInterfaceOrientationLandscapeRight";
				LD_RUNPATH_SEARCH_PATHS = (
					"$(inherited)",
					"@executable_path/Frameworks",
				);
				MARKETING_VERSION = 1.0;
				PRODUCT_BUNDLE_IDENTIFIER = ershov.NewsAppNew;
				PRODUCT_NAME = "$(TARGET_NAME)";
				SWIFT_EMIT_LOC_STRINGS = YES;
				SWIFT_VERSION = 5.0;
				TARGETED_DEVICE_FAMILY = "1,2";
			};
			name = Release;
		};
		553EE2942AA4951600089D97 /* Debug */ = {
			isa = XCBuildConfiguration;
			buildSettings = {
				ALWAYS_EMBED_SWIFT_STANDARD_LIBRARIES = YES;
				BUNDLE_LOADER = "$(TEST_HOST)";
				CODE_SIGN_STYLE = Automatic;
				CURRENT_PROJECT_VERSION = 1;
				DEVELOPMENT_TEAM = YBPRV4DAUS;
				GENERATE_INFOPLIST_FILE = YES;
				IPHONEOS_DEPLOYMENT_TARGET = 16.4;
				MARKETING_VERSION = 1.0;
				PRODUCT_BUNDLE_IDENTIFIER = ershov.NewsAppNewTests;
				PRODUCT_NAME = "$(TARGET_NAME)";
				SWIFT_EMIT_LOC_STRINGS = NO;
				SWIFT_VERSION = 5.0;
				TARGETED_DEVICE_FAMILY = "1,2";
				TEST_HOST = "$(BUILT_PRODUCTS_DIR)/NewsAppNew.app/$(BUNDLE_EXECUTABLE_FOLDER_PATH)/NewsAppNew";
			};
			name = Debug;
		};
		553EE2952AA4951600089D97 /* Release */ = {
			isa = XCBuildConfiguration;
			buildSettings = {
				ALWAYS_EMBED_SWIFT_STANDARD_LIBRARIES = YES;
				BUNDLE_LOADER = "$(TEST_HOST)";
				CODE_SIGN_STYLE = Automatic;
				CURRENT_PROJECT_VERSION = 1;
				DEVELOPMENT_TEAM = YBPRV4DAUS;
				GENERATE_INFOPLIST_FILE = YES;
				IPHONEOS_DEPLOYMENT_TARGET = 16.4;
				MARKETING_VERSION = 1.0;
				PRODUCT_BUNDLE_IDENTIFIER = ershov.NewsAppNewTests;
				PRODUCT_NAME = "$(TARGET_NAME)";
				SWIFT_EMIT_LOC_STRINGS = NO;
				SWIFT_VERSION = 5.0;
				TARGETED_DEVICE_FAMILY = "1,2";
				TEST_HOST = "$(BUILT_PRODUCTS_DIR)/NewsAppNew.app/$(BUNDLE_EXECUTABLE_FOLDER_PATH)/NewsAppNew";
			};
			name = Release;
		};
		553EE2972AA4951600089D97 /* Debug */ = {
			isa = XCBuildConfiguration;
			buildSettings = {
				ALWAYS_EMBED_SWIFT_STANDARD_LIBRARIES = YES;
				CODE_SIGN_STYLE = Automatic;
				CURRENT_PROJECT_VERSION = 1;
				DEVELOPMENT_TEAM = YBPRV4DAUS;
				GENERATE_INFOPLIST_FILE = YES;
				MARKETING_VERSION = 1.0;
				PRODUCT_BUNDLE_IDENTIFIER = ershov.NewsAppNewUITests;
				PRODUCT_NAME = "$(TARGET_NAME)";
				SWIFT_EMIT_LOC_STRINGS = NO;
				SWIFT_VERSION = 5.0;
				TARGETED_DEVICE_FAMILY = "1,2";
				TEST_TARGET_NAME = NewsAppNew;
			};
			name = Debug;
		};
		553EE2982AA4951600089D97 /* Release */ = {
			isa = XCBuildConfiguration;
			buildSettings = {
				ALWAYS_EMBED_SWIFT_STANDARD_LIBRARIES = YES;
				CODE_SIGN_STYLE = Automatic;
				CURRENT_PROJECT_VERSION = 1;
				DEVELOPMENT_TEAM = YBPRV4DAUS;
				GENERATE_INFOPLIST_FILE = YES;
				MARKETING_VERSION = 1.0;
				PRODUCT_BUNDLE_IDENTIFIER = ershov.NewsAppNewUITests;
				PRODUCT_NAME = "$(TARGET_NAME)";
				SWIFT_EMIT_LOC_STRINGS = NO;
				SWIFT_VERSION = 5.0;
				TARGETED_DEVICE_FAMILY = "1,2";
				TEST_TARGET_NAME = NewsAppNew;
			};
			name = Release;
		};
/* End XCBuildConfiguration section */

/* Begin XCConfigurationList section */
		553EE2612AA4951500089D97 /* Build configuration list for PBXProject "NewsAppNew" */ = {
			isa = XCConfigurationList;
			buildConfigurations = (
				553EE28E2AA4951600089D97 /* Debug */,
				553EE28F2AA4951600089D97 /* Release */,
			);
			defaultConfigurationIsVisible = 0;
			defaultConfigurationName = Release;
		};
		553EE2902AA4951600089D97 /* Build configuration list for PBXNativeTarget "NewsAppNew" */ = {
			isa = XCConfigurationList;
			buildConfigurations = (
				553EE2912AA4951600089D97 /* Debug */,
				553EE2922AA4951600089D97 /* Release */,
			);
			defaultConfigurationIsVisible = 0;
			defaultConfigurationName = Release;
		};
		553EE2932AA4951600089D97 /* Build configuration list for PBXNativeTarget "NewsAppNewTests" */ = {
			isa = XCConfigurationList;
			buildConfigurations = (
				553EE2942AA4951600089D97 /* Debug */,
				553EE2952AA4951600089D97 /* Release */,
			);
			defaultConfigurationIsVisible = 0;
			defaultConfigurationName = Release;
		};
		553EE2962AA4951600089D97 /* Build configuration list for PBXNativeTarget "NewsAppNewUITests" */ = {
			isa = XCConfigurationList;
			buildConfigurations = (
				553EE2972AA4951600089D97 /* Debug */,
				553EE2982AA4951600089D97 /* Release */,
			);
			defaultConfigurationIsVisible = 0;
			defaultConfigurationName = Release;
		};
/* End XCConfigurationList section */

/* Begin XCRemoteSwiftPackageReference section */
		553EE2A22AA4AD3F00089D97 /* XCRemoteSwiftPackageReference "SnapKit" */ = {
			isa = XCRemoteSwiftPackageReference;
			repositoryURL = "https://github.com/SnapKit/SnapKit.git";
			requirement = {
				kind = upToNextMajorVersion;
				minimumVersion = 5.0.0;
			};
		};
/* End XCRemoteSwiftPackageReference section */

/* Begin XCSwiftPackageProductDependency section */
		553EE2A32AA4AD3F00089D97 /* SnapKit */ = {
			isa = XCSwiftPackageProductDependency;
			package = 553EE2A22AA4AD3F00089D97 /* XCRemoteSwiftPackageReference "SnapKit" */;
			productName = SnapKit;
		};
/* End XCSwiftPackageProductDependency section */
	};
	rootObject = 553EE25E2AA4951500089D97 /* Project object */;
}
